
Microsoft Visual Studio Solution File, Format Version 12.00
# Visual Studio 15
VisualStudioVersion = 15.0.27004.2002
MinimumVisualStudioVersion = 10.0.40219.1
Project("{FAE04EC0-301F-11D3-BF4B-00C04F79EFBC}") = "Sistema_CrudAlunos", "Sistema_CrudAlunos\Sistema_CrudAlunos.csproj", "{11E0F609-68CA-4D67-9DD3-7B4DF0964C51}"
EndProject
Global
	GlobalSection(SolutionConfigurationPlatforms) = preSolution
		Debug|Any CPU = Debug|Any CPU
		Release|Any CPU = Release|Any CPU
	EndGlobalSection
	GlobalSection(ProjectConfigurationPlatforms) = postSolution
		{11E0F609-68CA-4D67-9DD3-7B4DF0964C51}.Debug|Any CPU.ActiveCfg = Debug|Any CPU
		{11E0F609-68CA-4D67-9DD3-7B4DF0964C51}.Debug|Any CPU.Build.0 = Debug|Any CPU
		{11E0F609-68CA-4D67-9DD3-7B4DF0964C51}.Release|Any CPU.ActiveCfg = Release|Any CPU
		{11E0F609-68CA-4D67-9DD3-7B4DF0964C51}.Release|Any CPU.Build.0 = Release|Any CPU
	EndGlobalSection
	GlobalSection(SolutionProperties) = preSolution
		HideSolutionNode = FALSE
	EndGlobalSection
	GlobalSection(ExtensibilityGlobals) = postSolution
		SolutionGuid = {44E4790D-E596-4747-A536-04A57FD5CB04}
	EndGlobalSection
EndGlobal
